
Microsoft Visual Studio Solution File, Format Version 12.00
# Visual Studio Version 16
VisualStudioVersion = 16.0.30611.23
MinimumVisualStudioVersion = 10.0.40219.1
Project("{FAE04EC0-301F-11D3-BF4B-00C04F79EFBC}") = "binary transaction in asp.net mvc core", "binary transaction in asp.net mvc core.csproj", "{AC72ED90-3B6C-41B4-8CA1-DA475F88CFE4}"
EndProject
Global
	GlobalSection(SolutionConfigurationPlatforms) = preSolution
		Debug|Any CPU = Debug|Any CPU
		Release|Any CPU = Release|Any CPU
	EndGlobalSection
	GlobalSection(ProjectConfigurationPlatforms) = postSolution
		{AC72ED90-3B6C-41B4-8CA1-DA475F88CFE4}.Debug|Any CPU.ActiveCfg = Debug|Any CPU
		{AC72ED90-3B6C-41B4-8CA1-DA475F88CFE4}.Debug|Any CPU.Build.0 = Debug|Any CPU
		{AC72ED90-3B6C-41B4-8CA1-DA475F88CFE4}.Release|Any CPU.ActiveCfg = Release|Any CPU
		{AC72ED90-3B6C-41B4-8CA1-DA475F88CFE4}.Release|Any CPU.Build.0 = Release|Any CPU
	EndGlobalSection
	GlobalSection(SolutionProperties) = preSolution
		HideSolutionNode = FALSE
	EndGlobalSection
	GlobalSection(ExtensibilityGlobals) = postSolution
		SolutionGuid = {707B2F28-E0A3-40B7-BCDC-DE818B32C60D}
	EndGlobalSection
EndGlobal
